PODS:
  - chat (1.0)
  - forum (1.0)
  - logging (1.0)

DEPENDENCIES:
  - chat (from `../features/chat`)
  - forum (from `../features/forum`)
  - logging (from `../utilities/logging`)

EXTERNAL SOURCES:
  chat:
    :path: "../features/chat"
  forum:
    :path: "../features/forum"
  logging:
    :path: "../utilities/logging"

SPEC CHECKSUMS:
  chat: 5c1f4eb0e2899ce8e7349d09367c815260f8d3c3
  forum: 8f27a4369a0e107cb79223041f57a762bc1df2a7
  logging: a87b2afae1e6ef6abb2d67251686e6765d28369e

PODFILE CHECKSUM: 2929c7d3926a022914e07a1b69a9ce4de9673446

COCOAPODS: 1.11.2
